
Microsoft Visual Studio Solution File, Format Version 12.00
# Visual Studio 15
VisualStudioVersion = 15.0.27428.2015
MinimumVisualStudioVersion = 10.0.40219.1
Project("{FAE04EC0-301F-11D3-BF4B-00C04F79EFBC}") = "WebApi", "WebApi\WebApi.csproj", "{2D0C7F61-9B0D-45E5-9C59-1F621BBE2717}"
EndProject
Project("{FAE04EC0-301F-11D3-BF4B-00C04F79EFBC}") = "ApiTests", "ApiTests\ApiTests.csproj", "{CFF54C16-8681-4453-99D5-1704E79D269C}"
EndProject
Project("{FAE04EC0-301F-11D3-BF4B-00C04F79EFBC}") = "Client", "Client\Client.csproj", "{C460E63D-68B3-477E-B073-13CA5DEAA540}"
EndProject
Project("{FAE04EC0-301F-11D3-BF4B-00C04F79EFBC}") = "DataRetrieval", "Data\DataRetrieval.csproj", "{9AD8A243-1094-4383-A426-274807DAC4E5}"
EndProject
Project("{2150E333-8FDC-42A3-9474-1A3956D46DE8}") = "Data", "Data", "{B0B04603-3D36-454A-9849-E7610EC86A7E}"
EndProject
Project("{00D1A9C2-B5F0-4AF3-8072-F6C62B433612}") = "Database", "Database\Database.sqlproj", "{D27DD882-9654-4A2B-B068-C3628FD11C73}"
EndProject
Project("{2150E333-8FDC-42A3-9474-1A3956D46DE8}") = "Tests", "Tests", "{DE15EC0F-A1A1-4D71-8A28-157F8672E015}"
EndProject
Project("{FAE04EC0-301F-11D3-BF4B-00C04F79EFBC}") = "DataTests", "DataTests\DataTests.csproj", "{221C273B-5F39-4334-90F6-CA4A04B454BF}"
EndProject
Global
	GlobalSection(SolutionConfigurationPlatforms) = preSolution
		Debug|Any CPU = Debug|Any CPU
		Release|Any CPU = Release|Any CPU
	EndGlobalSection
	GlobalSection(ProjectConfigurationPlatforms) = postSolution
		{2D0C7F61-9B0D-45E5-9C59-1F621BBE2717}.Debug|Any CPU.ActiveCfg = Debug|Any CPU
		{2D0C7F61-9B0D-45E5-9C59-1F621BBE2717}.Debug|Any CPU.Build.0 = Debug|Any CPU
		{2D0C7F61-9B0D-45E5-9C59-1F621BBE2717}.Release|Any CPU.ActiveCfg = Release|Any CPU
		{2D0C7F61-9B0D-45E5-9C59-1F621BBE2717}.Release|Any CPU.Build.0 = Release|Any CPU
		{CFF54C16-8681-4453-99D5-1704E79D269C}.Debug|Any CPU.ActiveCfg = Debug|Any CPU
		{CFF54C16-8681-4453-99D5-1704E79D269C}.Debug|Any CPU.Build.0 = Debug|Any CPU
		{CFF54C16-8681-4453-99D5-1704E79D269C}.Release|Any CPU.ActiveCfg = Release|Any CPU
		{CFF54C16-8681-4453-99D5-1704E79D269C}.Release|Any CPU.Build.0 = Release|Any CPU
		{C460E63D-68B3-477E-B073-13CA5DEAA540}.Debug|Any CPU.ActiveCfg = Debug|Any CPU
		{C460E63D-68B3-477E-B073-13CA5DEAA540}.Debug|Any CPU.Build.0 = Debug|Any CPU
		{C460E63D-68B3-477E-B073-13CA5DEAA540}.Release|Any CPU.ActiveCfg = Release|Any CPU
		{C460E63D-68B3-477E-B073-13CA5DEAA540}.Release|Any CPU.Build.0 = Release|Any CPU
		{9AD8A243-1094-4383-A426-274807DAC4E5}.Debug|Any CPU.ActiveCfg = Debug|Any CPU
		{9AD8A243-1094-4383-A426-274807DAC4E5}.Debug|Any CPU.Build.0 = Debug|Any CPU
		{9AD8A243-1094-4383-A426-274807DAC4E5}.Release|Any CPU.ActiveCfg = Release|Any CPU
		{9AD8A243-1094-4383-A426-274807DAC4E5}.Release|Any CPU.Build.0 = Release|Any CPU
		{D27DD882-9654-4A2B-B068-C3628FD11C73}.Debug|Any CPU.ActiveCfg = Debug|Any CPU
		{D27DD882-9654-4A2B-B068-C3628FD11C73}.Debug|Any CPU.Build.0 = Debug|Any CPU
		{D27DD882-9654-4A2B-B068-C3628FD11C73}.Debug|Any CPU.Deploy.0 = Debug|Any CPU
		{D27DD882-9654-4A2B-B068-C3628FD11C73}.Release|Any CPU.ActiveCfg = Release|Any CPU
		{D27DD882-9654-4A2B-B068-C3628FD11C73}.Release|Any CPU.Build.0 = Release|Any CPU
		{D27DD882-9654-4A2B-B068-C3628FD11C73}.Release|Any CPU.Deploy.0 = Release|Any CPU
		{221C273B-5F39-4334-90F6-CA4A04B454BF}.Debug|Any CPU.ActiveCfg = Debug|Any CPU
		{221C273B-5F39-4334-90F6-CA4A04B454BF}.Debug|Any CPU.Build.0 = Debug|Any CPU
		{221C273B-5F39-4334-90F6-CA4A04B454BF}.Release|Any CPU.ActiveCfg = Release|Any CPU
		{221C273B-5F39-4334-90F6-CA4A04B454BF}.Release|Any CPU.Build.0 = Release|Any CPU
	EndGlobalSection
	GlobalSection(SolutionProperties) = preSolution
		HideSolutionNode = FALSE
	EndGlobalSection
	GlobalSection(NestedProjects) = preSolution
		{CFF54C16-8681-4453-99D5-1704E79D269C} = {DE15EC0F-A1A1-4D71-8A28-157F8672E015}
		{9AD8A243-1094-4383-A426-274807DAC4E5} = {B0B04603-3D36-454A-9849-E7610EC86A7E}
		{D27DD882-9654-4A2B-B068-C3628FD11C73} = {B0B04603-3D36-454A-9849-E7610EC86A7E}
		{221C273B-5F39-4334-90F6-CA4A04B454BF} = {DE15EC0F-A1A1-4D71-8A28-157F8672E015}
	EndGlobalSection
	GlobalSection(ExtensibilityGlobals) = postSolution
		SolutionGuid = {60FC1BC8-CD31-48AF-935A-60947BD54004}
	EndGlobalSection
EndGlobal
